// !$*UTF8*$!
{
	archiveVersion = 1;
	classes = {
	};
	objectVersion = 77;
	objects = {

/* Begin PBXContainerItemProxy section */
		FDF215752E255BF9003E9832 /* PBXContainerItemProxy */ = {
			isa = PBXContainerItemProxy;
			containerPortal = FDF2155A2E255BF8003E9832 /* Project object */;
			proxyType = 1;
			remoteGlobalIDString = FDF215612E255BF8003E9832;
			remoteInfo = DragonBallVIPER;
		};
		FDF2157F2E255BF9003E9832 /* PBXContainerItemProxy */ = {
			isa = PBXContainerItemProxy;
			containerPortal = FDF2155A2E255BF8003E9832 /* Project object */;
			proxyType = 1;
			remoteGlobalIDString = FDF215612E255BF8003E9832;
			remoteInfo = DragonBallVIPER;
		};
/* End PBXContainerItemProxy section */

/* Begin PBXFileReference section */
		FDF215622E255BF8003E9832 /* DragonBallVIPER.app */ = {isa = PBXFileReference; explicitFileType = wrapper.application; includeInIndex = 0; path = DragonBallVIPER.app; sourceTree = BUILT_PRODUCTS_DIR; };
		FDF215742E255BF9003E9832 /* DragonBallVIPERTests.xctest */ = {isa = PBXFileReference; explicitFileType = wrapper.cfbundle; includeInIndex = 0; path = DragonBallVIPERTests.xctest; sourceTree = BUILT_PRODUCTS_DIR; };
		FDF2157E2E255BF9003E9832 /* DragonBallVIPERUITests.xctest */ = {isa = PBXFileReference; explicitFileType = wrapper.cfbundle; includeInIndex = 0; path = DragonBallVIPERUITests.xctest; sourceTree = BUILT_PRODUCTS_DIR; };
/* End PBXFileReference section */

/* Begin PBXFileSystemSynchronizedRootGroup section */
		FDF215642E255BF8003E9832 /* DragonBallVIPER */ = {
			isa = PBXFileSystemSynchronizedRootGroup;
			path = DragonBallVIPER;
			sourceTree = "<group>";
		};
		FDF215772E255BF9003E9832 /* DragonBallVIPERTests */ = {
			isa = PBXFileSystemSynchronizedRootGroup;
			path = DragonBallVIPERTests;
			sourceTree = "<group>";
		};
		FDF215812E255BF9003E9832 /* DragonBallVIPERUITests */ = {
			isa = PBXFileSystemSynchronizedRootGroup;
			path = DragonBallVIPERUITests;
			sourceTree = "<group>";
		};
/* End PBXFileSystemSynchronizedRootGroup section */

/* Begin PBXFrameworksBuildPhase section */
		FDF2155F2E255BF8003E9832 /* Frameworks */ = {
			isa = PBXFrameworksBuildPhase;
			buildActionMask = 2147483647;
			files = (
			);
			runOnlyForDeploymentPostprocessing = 0;
		};
		FDF215712E255BF9003E9832 /* Frameworks */ = {
			isa = PBXFrameworksBuildPhase;
			buildActionMask = 2147483647;
			files = (
			);
			runOnlyForDeploymentPostprocessing = 0;
		};
		FDF2157B2E255BF9003E9832 /* Frameworks */ = {
			isa = PBXFrameworksBuildPhase;
			buildActionMask = 2147483647;
			files = (
			);
			runOnlyForDeploymentPostprocessing = 0;
		};
/* End PBXFrameworksBuildPhase section */

/* Begin PBXGroup section */
		FDF215592E255BF8003E9832 = {
			isa = PBXGroup;
			children = (
				FDF215642E255BF8003E9832 /* DragonBallVIPER */,
				FDF215772E255BF9003E9832 /* DragonBallVIPERTests */,
				FDF215812E255BF9003E9832 /* DragonBallVIPERUITests */,
				FDF215632E255BF8003E9832 /* Products */,
			);
			sourceTree = "<group>";
		};
		FDF215632E255BF8003E9832 /* Products */ = {
			isa = PBXGroup;
			children = (
				FDF215622E255BF8003E9832 /* DragonBallVIPER.app */,
				FDF215742E255BF9003E9832 /* DragonBallVIPERTests.xctest */,
				FDF2157E2E255BF9003E9832 /* DragonBallVIPERUITests.xctest */,
			);
			name = Products;
			sourceTree = "<group>";
		};
/* End PBXGroup section */

/* Begin PBXNativeTarget section */
		FDF215612E255BF8003E9832 /* DragonBallVIPER */ = {
			isa = PBXNativeTarget;
			buildConfigurationList = FDF215882E255BF9003E9832 /* Build configuration list for PBXNativeTarget "DragonBallVIPER" */;
			buildPhases = (
				FDF2155E2E255BF8003E9832 /* Sources */,
				FDF2155F2E255BF8003E9832 /* Frameworks */,
				FDF215602E255BF8003E9832 /* Resources */,
			);
			buildRules = (
			);
			dependencies = (
			);
			fileSystemSynchronizedGroups = (
				FDF215642E255BF8003E9832 /* DragonBallVIPER */,
			);
			name = DragonBallVIPER;
			packageProductDependencies = (
			);
			productName = DragonBallVIPER;
			productReference = FDF215622E255BF8003E9832 /* DragonBallVIPER.app */;
			productType = "com.apple.product-type.application";
		};
		FDF215732E255BF9003E9832 /* DragonBallVIPERTests */ = {
			isa = PBXNativeTarget;
			buildConfigurationList = FDF2158B2E255BF9003E9832 /* Build configuration list for PBXNativeTarget "DragonBallVIPERTests" */;
			buildPhases = (
				FDF215702E255BF9003E9832 /* Sources */,
				FDF215712E255BF9003E9832 /* Frameworks */,
				FDF215722E255BF9003E9832 /* Resources */,
			);
			buildRules = (
			);
			dependencies = (
				FDF215762E255BF9003E9832 /* PBXTargetDependency */,
			);
			fileSystemSynchronizedGroups = (
				FDF215772E255BF9003E9832 /* DragonBallVIPERTests */,
			);
			name = DragonBallVIPERTests;
			packageProductDependencies = (
			);
			productName = DragonBallVIPERTests;
			productReference = FDF215742E255BF9003E9832 /* DragonBallVIPERTests.xctest */;
			productType = "com.apple.product-type.bundle.unit-test";
		};
		FDF2157D2E255BF9003E9832 /* DragonBallVIPERUITests */ = {
			isa = PBXNativeTarget;
			buildConfigurationList = FDF2158E2E255BF9003E9832 /* Build configuration list for PBXNativeTarget "DragonBallVIPERUITests" */;
			buildPhases = (
				FDF2157A2E255BF9003E9832 /* Sources */,
				FDF2157B2E255BF9003E9832 /* Frameworks */,
				FDF2157C2E255BF9003E9832 /* Resources */,
			);
			buildRules = (
			);
			dependencies = (
				FDF215802E255BF9003E9832 /* PBXTargetDependency */,
			);
			fileSystemSynchronizedGroups = (
				FDF215812E255BF9003E9832 /* DragonBallVIPERUITests */,
			);
			name = DragonBallVIPERUITests;
			packageProductDependencies = (
			);
			productName = DragonBallVIPERUITests;
			productReference = FDF2157E2E255BF9003E9832 /* DragonBallVIPERUITests.xctest */;
			productType = "com.apple.product-type.bundle.ui-testing";
		};
/* End PBXNativeTarget section */

/* Begin PBXProject section */
		FDF2155A2E255BF8003E9832 /* Project object */ = {
			isa = PBXProject;
			attributes = {
				BuildIndependentTargetsInParallel = 1;
				LastSwiftUpdateCheck = 1640;
				LastUpgradeCheck = 1640;
				TargetAttributes = {
					FDF215612E255BF8003E9832 = {
						CreatedOnToolsVersion = 16.4;
					};
					FDF215732E255BF9003E9832 = {
						CreatedOnToolsVersion = 16.4;
						TestTargetID = FDF215612E255BF8003E9832;
					};
					FDF2157D2E255BF9003E9832 = {
						CreatedOnToolsVersion = 16.4;
						TestTargetID = FDF215612E255BF8003E9832;
					};
				};
			};
			buildConfigurationList = FDF2155D2E255BF8003E9832 /* Build configuration list for PBXProject "DragonBallVIPER" */;
			developmentRegion = en;
			hasScannedForEncodings = 0;
			knownRegions = (
				en,
				Base,
			);
			mainGroup = FDF215592E255BF8003E9832;
			minimizedProjectReferenceProxies = 1;
			preferredProjectObjectVersion = 77;
			productRefGroup = FDF215632E255BF8003E9832 /* Products */;
			projectDirPath = "";
			projectRoot = "";
			targets = (
				FDF215612E255BF8003E9832 /* DragonBallVIPER */,
				FDF215732E255BF9003E9832 /* DragonBallVIPERTests */,
				FDF2157D2E255BF9003E9832 /* DragonBallVIPERUITests */,
			);
		};
/* End PBXProject section */

/* Begin PBXResourcesBuildPhase section */
		FDF215602E255BF8003E9832 /* Resources */ = {
			isa = PBXResourcesBuildPhase;
			buildActionMask = 2147483647;
			files = (
			);
			runOnlyForDeploymentPostprocessing = 0;
		};
		FDF215722E255BF9003E9832 /* Resources */ = {
			isa = PBXResourcesBuildPhase;
			buildActionMask = 2147483647;
			files = (
			);
			runOnlyForDeploymentPostprocessing = 0;
		};
		FDF2157C2E255BF9003E9832 /* Resources */ = {
			isa = PBXResourcesBuildPhase;
			buildActionMask = 2147483647;
			files = (
			);
			runOnlyForDeploymentPostprocessing = 0;
		};
/* End PBXResourcesBuildPhase section */

/* Begin PBXSourcesBuildPhase section */
		FDF2155E2E255BF8003E9832 /* Sources */ = {
			isa = PBXSourcesBuildPhase;
			buildActionMask = 2147483647;
			files = (
			);
			runOnlyForDeploymentPostprocessing = 0;
		};
		FDF215702E255BF9003E9832 /* Sources */ = {
			isa = PBXSourcesBuildPhase;
			buildActionMask = 2147483647;
			files = (
			);
			runOnlyForDeploymentPostprocessing = 0;
		};
		FDF2157A2E255BF9003E9832 /* Sources */ = {
			isa = PBXSourcesBuildPhase;
			buildActionMask = 2147483647;
			files = (
			);
			runOnlyForDeploymentPostprocessing = 0;
		};
/* End PBXSourcesBuildPhase section */

/* Begin PBXTargetDependency section */
		FDF215762E255BF9003E9832 /* PBXTargetDependency */ = {
			isa = PBXTargetDependency;
			target = FDF215612E255BF8003E9832 /* DragonBallVIPER */;
			targetProxy = FDF215752E255BF9003E9832 /* PBXContainerItemProxy */;
		};
		FDF215802E255BF9003E9832 /* PBXTargetDependency */ = {
			isa = PBXTargetDependency;
			target = FDF215612E255BF8003E9832 /* DragonBallVIPER */;
			targetProxy = FDF2157F2E255BF9003E9832 /* PBXContainerItemProxy */;
		};
/* End PBXTargetDependency section */

/* Begin XCBuildConfiguration section */
		FDF215862E255BF9003E9832 /* Debug */ = {
			isa = XCBuildConfiguration;
			buildSettings = {
				ALWAYS_SEARCH_USER_PATHS = NO;
				ASSETCATALOG_COMPILER_GENERATE_SWIFT_ASSET_SYMBOL_EXTENSIONS = YES;
				CLANG_ANALYZER_NONNULL = YES;
				CLANG_ANALYZER_NUMBER_OBJECT_CONVERSION = YES_AGGRESSIVE;
				CLANG_CXX_LANGUAGE_STANDARD = "gnu++20";
				CLANG_ENABLE_MODULES = YES;
				CLANG_ENABLE_OBJC_ARC = YES;
				CLANG_ENABLE_OBJC_WEAK = YES;
				CLANG_WARN_BLOCK_CAPTURE_AUTORELEASING = YES;
				CLANG_WARN_BOOL_CONVERSION = YES;
				CLANG_WARN_COMMA = YES;
				CLANG_WARN_CONSTANT_CONVERSION = YES;
				CLANG_WARN_DEPRECATED_OBJC_IMPLEMENTATIONS = YES;
				CLANG_WARN_DIRECT_OBJC_ISA_USAGE = YES_ERROR;
				CLANG_WARN_DOCUMENTATION_COMMENTS = YES;
				CLANG_WARN_EMPTY_BODY = YES;
				CLANG_WARN_ENUM_CONVERSION = YES;
				CLANG_WARN_INFINITE_RECURSION = YES;
				CLANG_WARN_INT_CONVERSION = YES;
				CLANG_WARN_NON_LITERAL_NULL_CONVERSION = YES;
				CLANG_WARN_OBJC_IMPLICIT_RETAIN_SELF = YES;
				CLANG_WARN_OBJC_LITERAL_CONVERSION = YES;
				CLANG_WARN_OBJC_ROOT_CLASS = YES_ERROR;
				CLANG_WARN_QUOTED_INCLUDE_IN_FRAMEWORK_HEADER = YES;
				CLANG_WARN_RANGE_LOOP_ANALYSIS = YES;
				CLANG_WARN_STRICT_PROTOTYPES = YES;
				CLANG_WARN_SUSPICIOUS_MOVE = YES;
				CLANG_WARN_UNGUARDED_AVAILABILITY = YES_AGGRESSIVE;
				CLANG_WARN_UNREACHABLE_CODE = YES;
				CLANG_WARN__DUPLICATE_METHOD_MATCH = YES;
				COPY_PHASE_STRIP = NO;
				DEBUG_INFORMATION_FORMAT = dwarf;
				ENABLE_STRICT_OBJC_MSGSEND = YES;
				ENABLE_TESTABILITY = YES;
				ENABLE_USER_SCRIPT_SANDBOXING = YES;
				GCC_C_LANGUAGE_STANDARD = gnu17;
				GCC_DYNAMIC_NO_PIC = NO;
				GCC_NO_COMMON_BLOCKS = YES;
				GCC_OPTIMIZATION_LEVEL = 0;
				GCC_PREPROCESSOR_DEFINITIONS = (
					"DEBUG=1",
					"$(inherited)",
				);
				GCC_WARN_64_TO_32_BIT_CONVERSION = YES;
				GCC_WARN_ABOUT_RETURN_TYPE = YES_ERROR;
				GCC_WARN_UNDECLARED_SELECTOR = YES;
				GCC_WARN_UNINITIALIZED_AUTOS = YES_AGGRESSIVE;
				GCC_WARN_UNUSED_FUNCTION = YES;
				GCC_WARN_UNUSED_VARIABLE = YES;
				IPHONEOS_DEPLOYMENT_TARGET = 18.5;
				LOCALIZATION_PREFERS_STRING_CATALOGS = YES;
				MTL_ENABLE_DEBUG_INFO = INCLUDE_SOURCE;
				MTL_FAST_MATH = YES;
				ONLY_ACTIVE_ARCH = YES;
				SDKROOT = iphoneos;
				SWIFT_ACTIVE_COMPILATION_CONDITIONS = "DEBUG $(inherited)";
				SWIFT_OPTIMIZATION_LEVEL = "-Onone";
			};
			name = Debug;
		};
		FDF215872E255BF9003E9832 /* Release */ = {
			isa = XCBuildConfiguration;
			buildSettings = {
				ALWAYS_SEARCH_USER_PATHS = NO;
				ASSETCATALOG_COMPILER_GENERATE_SWIFT_ASSET_SYMBOL_EXTENSIONS = YES;
				CLANG_ANALYZER_NONNULL = YES;
				CLANG_ANALYZER_NUMBER_OBJECT_CONVERSION = YES_AGGRESSIVE;
				CLANG_CXX_LANGUAGE_STANDARD = "gnu++20";
				CLANG_ENABLE_MODULES = YES;
				CLANG_ENABLE_OBJC_ARC = YES;
				CLANG_ENABLE_OBJC_WEAK = YES;
				CLANG_WARN_BLOCK_CAPTURE_AUTORELEASING = YES;
				CLANG_WARN_BOOL_CONVERSION = YES;
				CLANG_WARN_COMMA = YES;
				CLANG_WARN_CONSTANT_CONVERSION = YES;
				CLANG_WARN_DEPRECATED_OBJC_IMPLEMENTATIONS = YES;
				CLANG_WARN_DIRECT_OBJC_ISA_USAGE = YES_ERROR;
				CLANG_WARN_DOCUMENTATION_COMMENTS = YES;
				CLANG_WARN_EMPTY_BODY = YES;
				CLANG_WARN_ENUM_CONVERSION = YES;
				CLANG_WARN_INFINITE_RECURSION = YES;
				CLANG_WARN_INT_CONVERSION = YES;
				CLANG_WARN_NON_LITERAL_NULL_CONVERSION = YES;
				CLANG_WARN_OBJC_IMPLICIT_RETAIN_SELF = YES;
				CLANG_WARN_OBJC_LITERAL_CONVERSION = YES;
				CLANG_WARN_OBJC_ROOT_CLASS = YES_ERROR;
				CLANG_WARN_QUOTED_INCLUDE_IN_FRAMEWORK_HEADER = YES;
				CLANG_WARN_RANGE_LOOP_ANALYSIS = YES;
				CLANG_WARN_STRICT_PROTOTYPES = YES;
				CLANG_WARN_SUSPICIOUS_MOVE = YES;
				CLANG_WARN_UNGUARDED_AVAILABILITY = YES_AGGRESSIVE;
				CLANG_WARN_UNREACHABLE_CODE = YES;
				CLANG_WARN__DUPLICATE_METHOD_MATCH = YES;
				COPY_PHASE_STRIP = NO;
				DEBUG_INFORMATION_FORMAT = "dwarf-with-dsym";
				ENABLE_NS_ASSERTIONS = NO;
				ENABLE_STRICT_OBJC_MSGSEND = YES;
				ENABLE_USER_SCRIPT_SANDBOXING = YES;
				GCC_C_LANGUAGE_STANDARD = gnu17;
				GCC_NO_COMMON_BLOCKS = YES;
				GCC_WARN_64_TO_32_BIT_CONVERSION = YES;
				GCC_WARN_ABOUT_RETURN_TYPE = YES_ERROR;
				GCC_WARN_UNDECLARED_SELECTOR = YES;
				GCC_WARN_UNINITIALIZED_AUTOS = YES_AGGRESSIVE;
				GCC_WARN_UNUSED_FUNCTION = YES;
				GCC_WARN_UNUSED_VARIABLE = YES;
				IPHONEOS_DEPLOYMENT_TARGET = 18.5;
				LOCALIZATION_PREFERS_STRING_CATALOGS = YES;
				MTL_ENABLE_DEBUG_INFO = NO;
				MTL_FAST_MATH = YES;
				SDKROOT = iphoneos;
				SWIFT_COMPILATION_MODE = wholemodule;
				VALIDATE_PRODUCT = YES;
			};
			name = Release;
		};
		FDF215892E255BF9003E9832 /* Debug */ = {
			isa = XCBuildConfiguration;
			buildSettings = {
				ASSETCATALOG_COMPILER_APPICON_NAME = AppIcon;
				ASSETCATALOG_COMPILER_GLOBAL_ACCENT_COLOR_NAME = AccentColor;
				CODE_SIGN_STYLE = Automatic;
				CURRENT_PROJECT_VERSION = 1;
				ENABLE_PREVIEWS = YES;
				GENERATE_INFOPLIST_FILE = YES;
				INFOPLIST_KEY_UIApplicationSceneManifest_Generation = YES;
				INFOPLIST_KEY_UIApplicationSupportsIndirectInputEvents = YES;
				INFOPLIST_KEY_UILaunchScreen_Generation = YES;
				INFOPLIST_KEY_UISupportedInterfaceOrientations_iPad = "UIInterfaceOrientationPortrait UIInterfaceOrientationPortraitUpsideDown UIInterfaceOrientationLandscapeLeft UIInterfaceOrientationLandscapeRight";
				INFOPLIST_KEY_UISupportedInterfaceOrientations_iPhone = "UIInterfaceOrientationPortrait UIInterfaceOrientationLandscapeLeft UIInterfaceOrientationLandscapeRight";
				LD_RUNPATH_SEARCH_PATHS = (
					"$(inherited)",
					"@executable_path/Frameworks",
				);
				MARKETING_VERSION = 1.0;
				PRODUCT_BUNDLE_IDENTIFIER = jjRomero.app.DragonBallVIPER;
				PRODUCT_NAME = "$(TARGET_NAME)";
				SWIFT_EMIT_LOC_STRINGS = YES;
				SWIFT_VERSION = 5.0;
				TARGETED_DEVICE_FAMILY = "1,2";
			};
			name = Debug;
		};
		FDF2158A2E255BF9003E9832 /* Release */ = {
			isa = XCBuildConfiguration;
			buildSettings = {
				ASSETCATALOG_COMPILER_APPICON_NAME = AppIcon;
				ASSETCATALOG_COMPILER_GLOBAL_ACCENT_COLOR_NAME = AccentColor;
				CODE_SIGN_STYLE = Automatic;
				CURRENT_PROJECT_VERSION = 1;
				ENABLE_PREVIEWS = YES;
				GENERATE_INFOPLIST_FILE = YES;
				INFOPLIST_KEY_UIApplicationSceneManifest_Generation = YES;
				INFOPLIST_KEY_UIApplicationSupportsIndirectInputEvents = YES;
				INFOPLIST_KEY_UILaunchScreen_Generation = YES;
				INFOPLIST_KEY_UISupportedInterfaceOrientations_iPad = "UIInterfaceOrientationPortrait UIInterfaceOrientationPortraitUpsideDown UIInterfaceOrientationLandscapeLeft UIInterfaceOrientationLandscapeRight";
				INFOPLIST_KEY_UISupportedInterfaceOrientations_iPhone = "UIInterfaceOrientationPortrait UIInterfaceOrientationLandscapeLeft UIInterfaceOrientationLandscapeRight";
				LD_RUNPATH_SEARCH_PATHS = (
					"$(inherited)",
					"@executable_path/Frameworks",
				);
				MARKETING_VERSION = 1.0;
				PRODUCT_BUNDLE_IDENTIFIER = jjRomero.app.DragonBallVIPER;
				PRODUCT_NAME = "$(TARGET_NAME)";
				SWIFT_EMIT_LOC_STRINGS = YES;
				SWIFT_VERSION = 5.0;
				TARGETED_DEVICE_FAMILY = "1,2";
			};
			name = Release;
		};
		FDF2158C2E255BF9003E9832 /* Debug */ = {
			isa = XCBuildConfiguration;
			buildSettings = {
				BUNDLE_LOADER = "$(TEST_HOST)";
				CODE_SIGN_STYLE = Automatic;
				CURRENT_PROJECT_VERSION = 1;
				GENERATE_INFOPLIST_FILE = YES;
				IPHONEOS_DEPLOYMENT_TARGET = 18.5;
				MARKETING_VERSION = 1.0;
				PRODUCT_BUNDLE_IDENTIFIER = jjRomero.app.DragonBallVIPERTests;
				PRODUCT_NAME = "$(TARGET_NAME)";
				SWIFT_EMIT_LOC_STRINGS = NO;
				SWIFT_VERSION = 5.0;
				TARGETED_DEVICE_FAMILY = "1,2";
				TEST_HOST = "$(BUILT_PRODUCTS_DIR)/DragonBallVIPER.app/$(BUNDLE_EXECUTABLE_FOLDER_PATH)/DragonBallVIPER";
			};
			name = Debug;
		};
		FDF2158D2E255BF9003E9832 /* Release */ = {
			isa = XCBuildConfiguration;
			buildSettings = {
				BUNDLE_LOADER = "$(TEST_HOST)";
				CODE_SIGN_STYLE = Automatic;
				CURRENT_PROJECT_VERSION = 1;
				GENERATE_INFOPLIST_FILE = YES;
				IPHONEOS_DEPLOYMENT_TARGET = 18.5;
				MARKETING_VERSION = 1.0;
				PRODUCT_BUNDLE_IDENTIFIER = jjRomero.app.DragonBallVIPERTests;
				PRODUCT_NAME = "$(TARGET_NAME)";
				SWIFT_EMIT_LOC_STRINGS = NO;
				SWIFT_VERSION = 5.0;
				TARGETED_DEVICE_FAMILY = "1,2";
				TEST_HOST = "$(BUILT_PRODUCTS_DIR)/DragonBallVIPER.app/$(BUNDLE_EXECUTABLE_FOLDER_PATH)/DragonBallVIPER";
			};
			name = Release;
		};
		FDF2158F2E255BF9003E9832 /* Debug */ = {
			isa = XCBuildConfiguration;
			buildSettings = {
				CODE_SIGN_STYLE = Automatic;
				CURRENT_PROJECT_VERSION = 1;
				GENERATE_INFOPLIST_FILE = YES;
				MARKETING_VERSION = 1.0;
				PRODUCT_BUNDLE_IDENTIFIER = jjRomero.app.DragonBallVIPERUITests;
				PRODUCT_NAME = "$(TARGET_NAME)";
				SWIFT_EMIT_LOC_STRINGS = NO;
				SWIFT_VERSION = 5.0;
				TARGETED_DEVICE_FAMILY = "1,2";
				TEST_TARGET_NAME = DragonBallVIPER;
			};
			name = Debug;
		};
		FDF215902E255BF9003E9832 /* Release */ = {
			isa = XCBuildConfiguration;
			buildSettings = {
				CODE_SIGN_STYLE = Automatic;
				CURRENT_PROJECT_VERSION = 1;
				GENERATE_INFOPLIST_FILE = YES;
				MARKETING_VERSION = 1.0;
				PRODUCT_BUNDLE_IDENTIFIER = jjRomero.app.DragonBallVIPERUITests;
				PRODUCT_NAME = "$(TARGET_NAME)";
				SWIFT_EMIT_LOC_STRINGS = NO;
				SWIFT_VERSION = 5.0;
				TARGETED_DEVICE_FAMILY = "1,2";
				TEST_TARGET_NAME = DragonBallVIPER;
			};
			name = Release;
		};
/* End XCBuildConfiguration section */

/* Begin XCConfigurationList section */
		FDF2155D2E255BF8003E9832 /* Build configuration list for PBXProject "DragonBallVIPER" */ = {
			isa = XCConfigurationList;
			buildConfigurations = (
				FDF215862E255BF9003E9832 /* Debug */,
				FDF215872E255BF9003E9832 /* Release */,
			);
			defaultConfigurationIsVisible = 0;
			defaultConfigurationName = Release;
		};
		FDF215882E255BF9003E9832 /* Build configuration list for PBXNativeTarget "DragonBallVIPER" */ = {
			isa = XCConfigurationList;
			buildConfigurations = (
				FDF215892E255BF9003E9832 /* Debug */,
				FDF2158A2E255BF9003E9832 /* Release */,
			);
			defaultConfigurationIsVisible = 0;
			defaultConfigurationName = Release;
		};
		FDF2158B2E255BF9003E9832 /* Build configuration list for PBXNativeTarget "DragonBallVIPERTests" */ = {
			isa = XCConfigurationList;
			buildConfigurations = (
				FDF2158C2E255BF9003E9832 /* Debug */,
				FDF2158D2E255BF9003E9832 /* Release */,
			);
			defaultConfigurationIsVisible = 0;
			defaultConfigurationName = Release;
		};
		FDF2158E2E255BF9003E9832 /* Build configuration list for PBXNativeTarget "DragonBallVIPERUITests" */ = {
			isa = XCConfigurationList;
			buildConfigurations = (
				FDF2158F2E255BF9003E9832 /* Debug */,
				FDF215902E255BF9003E9832 /* Release */,
			);
			defaultConfigurationIsVisible = 0;
			defaultConfigurationName = Release;
		};
/* End XCConfigurationList section */
	};
	rootObject = FDF2155A2E255BF8003E9832 /* Project object */;
}
